
Microsoft Visual Studio Solution File, Format Version 12.00
# Visual Studio Version 16
VisualStudioVersion = 16.0.31112.23
MinimumVisualStudioVersion = 10.0.40219.1
Project("{FAE04EC0-301F-11D3-BF4B-00C04F79EFBC}") = "dotnetPublisher", "dotnetPublisher.csproj", "{32E25B1E-075C-48FB-ACB6-A106E24F3AE4}"
EndProject
Project("{FAE04EC0-301F-11D3-BF4B-00C04F79EFBC}") = "dotnetConsumer", "..\dotnetConsumer\dotnetConsumer.csproj", "{7377B05E-E553-4639-BD0C-E5B614B8D9A0}"
EndProject
Global
	GlobalSection(SolutionConfigurationPlatforms) = preSolution
		Debug|Any CPU = Debug|Any CPU
		Release|Any CPU = Release|Any CPU
	EndGlobalSection
	GlobalSection(ProjectConfigurationPlatforms) = postSolution
		{32E25B1E-075C-48FB-ACB6-A106E24F3AE4}.Debug|Any CPU.ActiveCfg = Debug|Any CPU
		{32E25B1E-075C-48FB-ACB6-A106E24F3AE4}.Debug|Any CPU.Build.0 = Debug|Any CPU
		{32E25B1E-075C-48FB-ACB6-A106E24F3AE4}.Release|Any CPU.ActiveCfg = Release|Any CPU
		{32E25B1E-075C-48FB-ACB6-A106E24F3AE4}.Release|Any CPU.Build.0 = Release|Any CPU
		{7377B05E-E553-4639-BD0C-E5B614B8D9A0}.Debug|Any CPU.ActiveCfg = Debug|Any CPU
		{7377B05E-E553-4639-BD0C-E5B614B8D9A0}.Debug|Any CPU.Build.0 = Debug|Any CPU
		{7377B05E-E553-4639-BD0C-E5B614B8D9A0}.Release|Any CPU.ActiveCfg = Release|Any CPU
		{7377B05E-E553-4639-BD0C-E5B614B8D9A0}.Release|Any CPU.Build.0 = Release|Any CPU
	EndGlobalSection
	GlobalSection(SolutionProperties) = preSolution
		HideSolutionNode = FALSE
	EndGlobalSection
	GlobalSection(ExtensibilityGlobals) = postSolution
		SolutionGuid = {973B49AA-BEA5-433F-BB6B-4B39739C4103}
	EndGlobalSection
EndGlobal
